
Microsoft Visual Studio Solution File, Format Version 12.00
# Visual Studio Version 16
VisualStudioVersion = 16.0.31829.152
MinimumVisualStudioVersion = 10.0.40219.1
Project("{FAE04EC0-301F-11D3-BF4B-00C04F79EFBC}") = "UC6", "UC6\UC6.csproj", "{D5E7A29F-5134-42D2-8D42-1A04E6F99560}"
EndProject
Global
	GlobalSection(SolutionConfigurationPlatforms) = preSolution
		Debug|Any CPU = Debug|Any CPU
		Release|Any CPU = Release|Any CPU
	EndGlobalSection
	GlobalSection(ProjectConfigurationPlatforms) = postSolution
		{D5E7A29F-5134-42D2-8D42-1A04E6F99560}.Debug|Any CPU.ActiveCfg = Debug|Any CPU
		{D5E7A29F-5134-42D2-8D42-1A04E6F99560}.Debug|Any CPU.Build.0 = Debug|Any CPU
		{D5E7A29F-5134-42D2-8D42-1A04E6F99560}.Release|Any CPU.ActiveCfg = Release|Any CPU
		{D5E7A29F-5134-42D2-8D42-1A04E6F99560}.Release|Any CPU.Build.0 = Release|Any CPU
	EndGlobalSection
	GlobalSection(SolutionProperties) = preSolution
		HideSolutionNode = FALSE
	EndGlobalSection
	GlobalSection(ExtensibilityGlobals) = postSolution
		SolutionGuid = {7C06E4BF-DD80-4FB8-9688-C9EECDA0A175}
	EndGlobalSection
EndGlobal
